// !$*UTF8*$!
{
	archiveVersion = 1;
	classes = {
	};
	objectVersion = 48;
	objects = {

/* Begin PBXBuildFile section */
		4FD0A74E02D2B20925B93107 /* Pods_MapFun.framework in Frameworks */ = {isa = PBXBuildFile; fileRef = 80F8AF778E9439DA8194BDD4 /* Pods_MapFun.framework */; };
		84FE4B591F95C66A00F5E827 /* AppDelegate.swift in Sources */ = {isa = PBXBuildFile; fileRef = 84FE4B581F95C66A00F5E827 /* AppDelegate.swift */; };
		84FE4B5B1F95C66A00F5E827 /* ViewController.swift in Sources */ = {isa = PBXBuildFile; fileRef = 84FE4B5A1F95C66A00F5E827 /* ViewController.swift */; };
		84FE4B5E1F95C66A00F5E827 /* Main.storyboard in Resources */ = {isa = PBXBuildFile; fileRef = 84FE4B5C1F95C66A00F5E827 /* Main.storyboard */; };
		84FE4B601F95C66B00F5E827 /* Assets.xcassets in Resources */ = {isa = PBXBuildFile; fileRef = 84FE4B5F1F95C66B00F5E827 /* Assets.xcassets */; };
		84FE4B631F95C66B00F5E827 /* LaunchScreen.storyboard in Resources */ = {isa = PBXBuildFile; fileRef = 84FE4B611F95C66B00F5E827 /* LaunchScreen.storyboard */; };
		B008409A1F9600EF0034590F /* maptestViewController.swift in Sources */ = {isa = PBXBuildFile; fileRef = B00840991F9600EF0034590F /* maptestViewController.swift */; };
/* End PBXBuildFile section */

/* Begin PBXFileReference section */
		80F8AF778E9439DA8194BDD4 /* Pods_MapFun.framework */ = {isa = PBXFileReference; explicitFileType = wrapper.framework; includeInIndex = 0; path = Pods_MapFun.framework; sourceTree = BUILT_PRODUCTS_DIR; };
		84FE4B551F95C66A00F5E827 /* MapFun.app */ = {isa = PBXFileReference; explicitFileType = wrapper.application; includeInIndex = 0; path = MapFun.app; sourceTree = BUILT_PRODUCTS_DIR; };
		84FE4B581F95C66A00F5E827 /* AppDelegate.swift */ = {isa = PBXFileReference; lastKnownFileType = sourcecode.swift; path = AppDelegate.swift; sourceTree = "<group>"; };
		84FE4B5A1F95C66A00F5E827 /* ViewController.swift */ = {isa = PBXFileReference; lastKnownFileType = sourcecode.swift; path = ViewController.swift; sourceTree = "<group>"; };
		84FE4B5D1F95C66A00F5E827 /* Base */ = {isa = PBXFileReference; lastKnownFileType = file.storyboard; name = Base; path = Base.lproj/Main.storyboard; sourceTree = "<group>"; };
		84FE4B5F1F95C66B00F5E827 /* Assets.xcassets */ = {isa = PBXFileReference; lastKnownFileType = folder.assetcatalog; path = Assets.xcassets; sourceTree = "<group>"; };
		84FE4B621F95C66B00F5E827 /* Base */ = {isa = PBXFileReference; lastKnownFileType = file.storyboard; name = Base; path = Base.lproj/LaunchScreen.storyboard; sourceTree = "<group>"; };
		84FE4B641F95C66B00F5E827 /* Info.plist */ = {isa = PBXFileReference; lastKnownFileType = text.plist.xml; path = Info.plist; sourceTree = "<group>"; };
		B00840991F9600EF0034590F /* maptestViewController.swift */ = {isa = PBXFileReference; lastKnownFileType = sourcecode.swift; path = maptestViewController.swift; sourceTree = "<group>"; };
		FA4D9731553D80CD0DC86222 /* Pods-MapFun.release.xcconfig */ = {isa = PBXFileReference; includeInIndex = 1; lastKnownFileType = text.xcconfig; name = "Pods-MapFun.release.xcconfig"; path = "Pods/Target Support Files/Pods-MapFun/Pods-MapFun.release.xcconfig"; sourceTree = "<group>"; };
		FF7DB24B274F79B677BC44C5 /* Pods-MapFun.debug.xcconfig */ = {isa = PBXFileReference; includeInIndex = 1; lastKnownFileType = text.xcconfig; name = "Pods-MapFun.debug.xcconfig"; path = "Pods/Target Support Files/Pods-MapFun/Pods-MapFun.debug.xcconfig"; sourceTree = "<group>"; };
/* End PBXFileReference section */

/* Begin PBXFrameworksBuildPhase section */
		84FE4B521F95C66A00F5E827 /* Frameworks */ = {
			isa = PBXFrameworksBuildPhase;
			buildActionMask = 2147483647;
			files = (
				4FD0A74E02D2B20925B93107 /* Pods_MapFun.framework in Frameworks */,
			);
			runOnlyForDeploymentPostprocessing = 0;
		};
/* End PBXFrameworksBuildPhase section */

/* Begin PBXGroup section */
		4E41C9086209F81F9E2A167C /* Frameworks */ = {
			isa = PBXGroup;
			children = (
				80F8AF778E9439DA8194BDD4 /* Pods_MapFun.framework */,
			);
			name = Frameworks;
			sourceTree = "<group>";
		};
		84FE4B4C1F95C66A00F5E827 = {
			isa = PBXGroup;
			children = (
				84FE4B571F95C66A00F5E827 /* MapFun */,
				84FE4B561F95C66A00F5E827 /* Products */,
				B804A7DD186481799D545B1C /* Pods */,
				4E41C9086209F81F9E2A167C /* Frameworks */,
			);
			sourceTree = "<group>";
		};
		84FE4B561F95C66A00F5E827 /* Products */ = {
			isa = PBXGroup;
			children = (
				84FE4B551F95C66A00F5E827 /* MapFun.app */,
			);
			name = Products;
			sourceTree = "<group>";
		};
		84FE4B571F95C66A00F5E827 /* MapFun */ = {
			isa = PBXGroup;
			children = (
				84FE4B581F95C66A00F5E827 /* AppDelegate.swift */,
				84FE4B5A1F95C66A00F5E827 /* ViewController.swift */,
				B00840991F9600EF0034590F /* maptestViewController.swift */,
				84FE4B5C1F95C66A00F5E827 /* Main.storyboard */,
				84FE4B5F1F95C66B00F5E827 /* Assets.xcassets */,
				84FE4B611F95C66B00F5E827 /* LaunchScreen.storyboard */,
				84FE4B641F95C66B00F5E827 /* Info.plist */,
			);
			path = MapFun;
			sourceTree = "<group>";
		};
		B804A7DD186481799D545B1C /* Pods */ = {
			isa = PBXGroup;
			children = (
				FF7DB24B274F79B677BC44C5 /* Pods-MapFun.debug.xcconfig */,
				FA4D9731553D80CD0DC86222 /* Pods-MapFun.release.xcconfig */,
			);
			name = Pods;
			sourceTree = "<group>";
		};
/* End PBXGroup section */

/* Begin PBXNativeTarget section */
		84FE4B541F95C66A00F5E827 /* MapFun */ = {
			isa = PBXNativeTarget;
			buildConfigurationList = 84FE4B671F95C66B00F5E827 /* Build configuration list for PBXNativeTarget "MapFun" */;
			buildPhases = (
				4C9A45E770BD6231F701344B /* [CP] Check Pods Manifest.lock */,
				84FE4B511F95C66A00F5E827 /* Sources */,
				84FE4B521F95C66A00F5E827 /* Frameworks */,
				84FE4B531F95C66A00F5E827 /* Resources */,
				EF90DB423A2288B5BB117C46 /* [CP] Embed Pods Frameworks */,
				8D9A7FDA278B3C5A6E92AD65 /* [CP] Copy Pods Resources */,
			);
			buildRules = (
			);
			dependencies = (
			);
			name = MapFun;
			productName = MapFun;
			productReference = 84FE4B551F95C66A00F5E827 /* MapFun.app */;
			productType = "com.apple.product-type.application";
		};
/* End PBXNativeTarget section */

/* Begin PBXProject section */
		84FE4B4D1F95C66A00F5E827 /* Project object */ = {
			isa = PBXProject;
			attributes = {
				LastSwiftUpdateCheck = 0900;
				LastUpgradeCheck = 0900;
				ORGANIZATIONNAME = "globia Technologies";
				TargetAttributes = {
					84FE4B541F95C66A00F5E827 = {
						CreatedOnToolsVersion = 9.0;
						ProvisioningStyle = Automatic;
					};
				};
			};
			buildConfigurationList = 84FE4B501F95C66A00F5E827 /* Build configuration list for PBXProject "MapFun" */;
			compatibilityVersion = "Xcode 8.0";
			developmentRegion = en;
			hasScannedForEncodings = 0;
			knownRegions = (
				en,
				Base,
			);
			mainGroup = 84FE4B4C1F95C66A00F5E827;
			productRefGroup = 84FE4B561F95C66A00F5E827 /* Products */;
			projectDirPath = "";
			projectRoot = "";
			targets = (
				84FE4B541F95C66A00F5E827 /* MapFun */,
			);
		};
/* End PBXProject section */

/* Begin PBXResourcesBuildPhase section */
		84FE4B531F95C66A00F5E827 /* Resources */ = {
			isa = PBXResourcesBuildPhase;
			buildActionMask = 2147483647;
			files = (
				84FE4B631F95C66B00F5E827 /* LaunchScreen.storyboard in Resources */,
				84FE4B601F95C66B00F5E827 /* Assets.xcassets in Resources */,
				84FE4B5E1F95C66A00F5E827 /* Main.storyboard in Resources */,
			);
			runOnlyForDeploymentPostprocessing = 0;
		};
/* End PBXResourcesBuildPhase section */

/* Begin PBXShellScriptBuildPhase section */
		4C9A45E770BD6231F701344B /* [CP] Check Pods Manifest.lock */ = {
			isa = PBXShellScriptBuildPhase;
			buildActionMask = 2147483647;
			files = (
			);
			inputPaths = (
				"${PODS_PODFILE_DIR_PATH}/Podfile.lock",
				"${PODS_ROOT}/Manifest.lock",
			);
			name = "[CP] Check Pods Manifest.lock";
			outputPaths = (
				"$(DERIVED_FILE_DIR)/Pods-MapFun-checkManifestLockResult.txt",
			);
			runOnlyForDeploymentPostprocessing = 0;
			shellPath = /bin/sh;
			shellScript = "diff \"${PODS_ROOT}/../Podfile.lock\" \"${PODS_ROOT}/Manifest.lock\" > /dev/null\nif [ $? != 0 ] ; then\n    # print error to STDERR\n    echo \"error: The sandbox is not in sync with the Podfile.lock. Run 'pod install' or update your CocoaPods installation.\" >&2\n    exit 1\nfi\n";
			showEnvVarsInLog = 0;
		};
		8D9A7FDA278B3C5A6E92AD65 /* [CP] Copy Pods Resources */ = {
			isa = PBXShellScriptBuildPhase;
			buildActionMask = 2147483647;
			files = (
			);
			inputPaths = (
				"${SRCROOT}/Pods/Target Support Files/Pods-MapFun/Pods-MapFun-resources.sh",
				"${PODS_ROOT}/GoogleMaps/Maps/Frameworks/GoogleMaps.framework/Resources/GoogleMaps.bundle",
				"${PODS_ROOT}/GooglePlaces/Frameworks/GooglePlaces.framework/Resources/GooglePlaces.bundle",
			);
			name = "[CP] Copy Pods Resources";
			outputPaths = (
				"${TARGET_BUILD_DIR}/${UNLOCALIZED_RESOURCES_FOLDER_PATH}",
			);
			runOnlyForDeploymentPostprocessing = 0;
			shellPath = /bin/sh;
			shellScript = "\"${SRCROOT}/Pods/Target Support Files/Pods-MapFun/Pods-MapFun-resources.sh\"\n";
			showEnvVarsInLog = 0;
		};
		EF90DB423A2288B5BB117C46 /* [CP] Embed Pods Frameworks */ = {
			isa = PBXShellScriptBuildPhase;
			buildActionMask = 2147483647;
			files = (
			);
			inputPaths = (
				"${SRCROOT}/Pods/Target Support Files/Pods-MapFun/Pods-MapFun-frameworks.sh",
				"${BUILT_PRODUCTS_DIR}/Alamofire/Alamofire.framework",
				"${BUILT_PRODUCTS_DIR}/SwiftyJSON/SwiftyJSON.framework",
			);
			name = "[CP] Embed Pods Frameworks";
			outputPaths = (
				"${TARGET_BUILD_DIR}/${FRAMEWORKS_FOLDER_PATH}/Alamofire.framework",
				"${TARGET_BUILD_DIR}/${FRAMEWORKS_FOLDER_PATH}/SwiftyJSON.framework",
			);
			runOnlyForDeploymentPostprocessing = 0;
			shellPath = /bin/sh;
			shellScript = "\"${SRCROOT}/Pods/Target Support Files/Pods-MapFun/Pods-MapFun-frameworks.sh\"\n";
			showEnvVarsInLog = 0;
		};
/* End PBXShellScriptBuildPhase section */

/* Begin PBXSourcesBuildPhase section */
		84FE4B511F95C66A00F5E827 /* Sources */ = {
			isa = PBXSourcesBuildPhase;
			buildActionMask = 2147483647;
			files = (
				B008409A1F9600EF0034590F /* maptestViewController.swift in Sources */,
				84FE4B5B1F95C66A00F5E827 /* ViewController.swift in Sources */,
				84FE4B591F95C66A00F5E827 /* AppDelegate.swift in Sources */,
			);
			runOnlyForDeploymentPostprocessing = 0;
		};
/* End PBXSourcesBuildPhase section */

/* Begin PBXVariantGroup section */
		84FE4B5C1F95C66A00F5E827 /* Main.storyboard */ = {
			isa = PBXVariantGroup;
			children = (
				84FE4B5D1F95C66A00F5E827 /* Base */,
			);
			name = Main.storyboard;
			sourceTree = "<group>";
		};
		84FE4B611F95C66B00F5E827 /* LaunchScreen.storyboard */ = {
			isa = PBXVariantGroup;
			children = (
				84FE4B621F95C66B00F5E827 /* Base */,
			);
			name = LaunchScreen.storyboard;
			sourceTree = "<group>";
		};
/* End PBXVariantGroup section */

/* Begin XCBuildConfiguration section */
		84FE4B651F95C66B00F5E827 /* Debug */ = {
			isa = XCBuildConfiguration;
			buildSettings = {
				ALWAYS_SEARCH_USER_PATHS = NO;
				CLANG_ANALYZER_NONNULL = YES;
				CLANG_ANALYZER_NUMBER_OBJECT_CONVERSION = YES_AGGRESSIVE;
				CLANG_CXX_LANGUAGE_STANDARD = "gnu++14";
				CLANG_CXX_LIBRARY = "libc++";
				CLANG_ENABLE_MODULES = YES;
				CLANG_ENABLE_OBJC_ARC = YES;
				CLANG_WARN_BLOCK_CAPTURE_AUTORELEASING = YES;
				CLANG_WARN_BOOL_CONVERSION = YES;
				CLANG_WARN_COMMA = YES;
				CLANG_WARN_CONSTANT_CONVERSION = YES;
				CLANG_WARN_DIRECT_OBJC_ISA_USAGE = YES_ERROR;
				CLANG_WARN_DOCUMENTATION_COMMENTS = YES;
				CLANG_WARN_EMPTY_BODY = YES;
				CLANG_WARN_ENUM_CONVERSION = YES;
				CLANG_WARN_INFINITE_RECURSION = YES;
				CLANG_WARN_INT_CONVERSION = YES;
				CLANG_WARN_NON_LITERAL_NULL_CONVERSION = YES;
				CLANG_WARN_OBJC_LITERAL_CONVERSION = YES;
				CLANG_WARN_OBJC_ROOT_CLASS = YES_ERROR;
				CLANG_WARN_RANGE_LOOP_ANALYSIS = YES;
				CLANG_WARN_STRICT_PROTOTYPES = YES;
				CLANG_WARN_SUSPICIOUS_MOVE = YES;
				CLANG_WARN_UNGUARDED_AVAILABILITY = YES_AGGRESSIVE;
				CLANG_WARN_UNREACHABLE_CODE = YES;
				CLANG_WARN__DUPLICATE_METHOD_MATCH = YES;
				CODE_SIGN_IDENTITY = "iPhone Developer";
				COPY_PHASE_STRIP = NO;
				DEBUG_INFORMATION_FORMAT = dwarf;
				ENABLE_STRICT_OBJC_MSGSEND = YES;
				ENABLE_TESTABILITY = YES;
				GCC_C_LANGUAGE_STANDARD = gnu11;
				GCC_DYNAMIC_NO_PIC = NO;
				GCC_NO_COMMON_BLOCKS = YES;
				GCC_OPTIMIZATION_LEVEL = 0;
				GCC_PREPROCESSOR_DEFINITIONS = (
					"DEBUG=1",
					"$(inherited)",
				);
				GCC_WARN_64_TO_32_BIT_CONVERSION = YES;
				GCC_WARN_ABOUT_RETURN_TYPE = YES_ERROR;
				GCC_WARN_UNDECLARED_SELECTOR = YES;
				GCC_WARN_UNINITIALIZED_AUTOS = YES_AGGRESSIVE;
				GCC_WARN_UNUSED_FUNCTION = YES;
				GCC_WARN_UNUSED_VARIABLE = YES;
				IPHONEOS_DEPLOYMENT_TARGET = 11.0;
				MTL_ENABLE_DEBUG_INFO = YES;
				ONLY_ACTIVE_ARCH = YES;
				SDKROOT = iphoneos;
				SWIFT_ACTIVE_COMPILATION_CONDITIONS = DEBUG;
				SWIFT_OPTIMIZATION_LEVEL = "-Onone";
			};
			name = Debug;
		};
		84FE4B661F95C66B00F5E827 /* Release */ = {
			isa = XCBuildConfiguration;
			buildSettings = {
				ALWAYS_SEARCH_USER_PATHS = NO;
				CLANG_ANALYZER_NONNULL = YES;
				CLANG_ANALYZER_NUMBER_OBJECT_CONVERSION = YES_AGGRESSIVE;
				CLANG_CXX_LANGUAGE_STANDARD = "gnu++14";
				CLANG_CXX_LIBRARY = "libc++";
				CLANG_ENABLE_MODULES = YES;
				CLANG_ENABLE_OBJC_ARC = YES;
				CLANG_WARN_BLOCK_CAPTURE_AUTORELEASING = YES;
				CLANG_WARN_BOOL_CONVERSION = YES;
				CLANG_WARN_COMMA = YES;
				CLANG_WARN_CONSTANT_CONVERSION = YES;
				CLANG_WARN_DIRECT_OBJC_ISA_USAGE = YES_ERROR;
				CLANG_WARN_DOCUMENTATION_COMMENTS = YES;
				CLANG_WARN_EMPTY_BODY = YES;
				CLANG_WARN_ENUM_CONVERSION = YES;
				CLANG_WARN_INFINITE_RECURSION = YES;
				CLANG_WARN_INT_CONVERSION = YES;
				CLANG_WARN_NON_LITERAL_NULL_CONVERSION = YES;
				CLANG_WARN_OBJC_LITERAL_CONVERSION = YES;
				CLANG_WARN_OBJC_ROOT_CLASS = YES_ERROR;
				CLANG_WARN_RANGE_LOOP_ANALYSIS = YES;
				CLANG_WARN_STRICT_PROTOTYPES = YES;
				CLANG_WARN_SUSPICIOUS_MOVE = YES;
				CLANG_WARN_UNGUARDED_AVAILABILITY = YES_AGGRESSIVE;
				CLANG_WARN_UNREACHABLE_CODE = YES;
				CLANG_WARN__DUPLICATE_METHOD_MATCH = YES;
				CODE_SIGN_IDENTITY = "iPhone Developer";
				COPY_PHASE_STRIP = NO;
				DEBUG_INFORMATION_FORMAT = "dwarf-with-dsym";
				ENABLE_NS_ASSERTIONS = NO;
				ENABLE_STRICT_OBJC_MSGSEND = YES;
				GCC_C_LANGUAGE_STANDARD = gnu11;
				GCC_NO_COMMON_BLOCKS = YES;
				GCC_WARN_64_TO_32_BIT_CONVERSION = YES;
				GCC_WARN_ABOUT_RETURN_TYPE = YES_ERROR;
				GCC_WARN_UNDECLARED_SELECTOR = YES;
				GCC_WARN_UNINITIALIZED_AUTOS = YES_AGGRESSIVE;
				GCC_WARN_UNUSED_FUNCTION = YES;
				GCC_WARN_UNUSED_VARIABLE = YES;
				IPHONEOS_DEPLOYMENT_TARGET = 11.0;
				MTL_ENABLE_DEBUG_INFO = NO;
				SDKROOT = iphoneos;
				SWIFT_OPTIMIZATION_LEVEL = "-Owholemodule";
				VALIDATE_PRODUCT = YES;
			};
			name = Release;
		};
		84FE4B681F95C66B00F5E827 /* Debug */ = {
			isa = XCBuildConfiguration;
			baseConfigurationReference = FF7DB24B274F79B677BC44C5 /* Pods-MapFun.debug.xcconfig */;
			buildSettings = {
				ASSETCATALOG_COMPILER_APPICON_NAME = AppIcon;
				CODE_SIGN_STYLE = Automatic;
				DEVELOPMENT_TEAM = LWN8RB5558;
				INFOPLIST_FILE = MapFun/Info.plist;
				LD_RUNPATH_SEARCH_PATHS = "$(inherited) @executable_path/Frameworks";
				PRODUCT_BUNDLE_IDENTIFIER = nomi.dev.blockcalldemo;
				PRODUCT_NAME = "$(TARGET_NAME)";
				SWIFT_VERSION = 4.0;
				TARGETED_DEVICE_FAMILY = "1,2";
			};
			name = Debug;
		};
		84FE4B691F95C66B00F5E827 /* Release */ = {
			isa = XCBuildConfiguration;
			baseConfigurationReference = FA4D9731553D80CD0DC86222 /* Pods-MapFun.release.xcconfig */;
			buildSettings = {
				ASSETCATALOG_COMPILER_APPICON_NAME = AppIcon;
				CODE_SIGN_STYLE = Automatic;
				DEVELOPMENT_TEAM = LWN8RB5558;
				INFOPLIST_FILE = MapFun/Info.plist;
				LD_RUNPATH_SEARCH_PATHS = "$(inherited) @executable_path/Frameworks";
				PRODUCT_BUNDLE_IDENTIFIER = nomi.dev.blockcalldemo;
				PRODUCT_NAME = "$(TARGET_NAME)";
				SWIFT_VERSION = 4.0;
				TARGETED_DEVICE_FAMILY = "1,2";
			};
			name = Release;
		};
/* End XCBuildConfiguration section */

/* Begin XCConfigurationList section */
		84FE4B501F95C66A00F5E827 /* Build configuration list for PBXProject "MapFun" */ = {
			isa = XCConfigurationList;
			buildConfigurations = (
				84FE4B651F95C66B00F5E827 /* Debug */,
				84FE4B661F95C66B00F5E827 /* Release */,
			);
			defaultConfigurationIsVisible = 0;
			defaultConfigurationName = Release;
		};
		84FE4B671F95C66B00F5E827 /* Build configuration list for PBXNativeTarget "MapFun" */ = {
			isa = XCConfigurationList;
			buildConfigurations = (
				84FE4B681F95C66B00F5E827 /* Debug */,
				84FE4B691F95C66B00F5E827 /* Release */,
			);
			defaultConfigurationIsVisible = 0;
			defaultConfigurationName = Release;
		};
/* End XCConfigurationList section */
	};
	rootObject = 84FE4B4D1F95C66A00F5E827 /* Project object */;
}
